{
  "name": "dir-example",
  "version": "0.0.0",
  "lockfileVersion": 3,
  "requires": true,
  "packages": {
    "": {
      "name": "dir-example",
      "version": "0.0.0",
      "dependencies": {
        "agntcy-dir": "^0.1.2"
      }
    },
    "../../dir-js": {
      "name": "agntcy-dir",
      "version": "0.1.2",
      "license": "Apache-2.0",
      "dependencies": {
        "@buf/agntcy_dir.bufbuild_es": "^2.8.0-20250915154105-152c4b7b4ec6.1",
        "@bufbuild/protobuf": "^2.8.0",
        "@connectrpc/connect": "^2.1.0",
        "@connectrpc/connect-node": "^2.1.0",
        "@grpc/grpc-js": "^1.13.4"
      },
      "devDependencies": {
        "@rollup/plugin-json": "^6.1.0",
        "@rollup/plugin-node-resolve": "^16.0.1",
        "@types/node": "^22.7.5",
        "@types/uuid": "^10.0.0",
        "rollup-plugin-typescript2": "^0.36.0",
        "ts-node": "^10.9.2",
        "typescript": "^5.9.2",
        "typescript-eslint": "^8.44.0",
        "uuid": "^11.1.0",
        "vitest": "^3.2.4"
      },
      "engines": {
        "node": ">=20.0.0"
      }
    },
    "node_modules/agntcy-dir": {
      "resolved": "../../dir-js",
      "link": true
    }
  }
}
